// !$*UTF8*$!
{
	archiveVersion = 1;
	classes = {
	};
	objectVersion = 46;
	objects = {

/* Begin PBXBuildFile section */
		7F4EDC5C1839CD9A00D2D818 /* RKAboutViewController.m in Sources */ = {isa = PBXBuildFile; fileRef = 7F4EDC5B1839CD9A00D2D818 /* RKAboutViewController.m */; };
		C81DFD6B181F5FAE00E71CA8 /* Foundation.framework in Frameworks */ = {isa = PBXBuildFile; fileRef = C81DFD6A181F5FAE00E71CA8 /* Foundation.framework */; };
		C81DFD6D181F5FAE00E71CA8 /* CoreGraphics.framework in Frameworks */ = {isa = PBXBuildFile; fileRef = C81DFD6C181F5FAE00E71CA8 /* CoreGraphics.framework */; };
		C81DFD6F181F5FAE00E71CA8 /* UIKit.framework in Frameworks */ = {isa = PBXBuildFile; fileRef = C81DFD6E181F5FAE00E71CA8 /* UIKit.framework */; };
		C81DFD75181F5FAE00E71CA8 /* InfoPlist.strings in Resources */ = {isa = PBXBuildFile; fileRef = C81DFD73181F5FAE00E71CA8 /* InfoPlist.strings */; };
		C81DFD77181F5FAE00E71CA8 /* main.m in Sources */ = {isa = PBXBuildFile; fileRef = C81DFD76181F5FAE00E71CA8 /* main.m */; };
		C81DFD7B181F5FAE00E71CA8 /* BLAppDelegate.m in Sources */ = {isa = PBXBuildFile; fileRef = C81DFD7A181F5FAE00E71CA8 /* BLAppDelegate.m */; };
		C81DFD7E181F5FAE00E71CA8 /* Main.storyboard in Resources */ = {isa = PBXBuildFile; fileRef = C81DFD7C181F5FAE00E71CA8 /* Main.storyboard */; };
		C81DFD86181F5FAE00E71CA8 /* Images.xcassets in Resources */ = {isa = PBXBuildFile; fileRef = C81DFD85181F5FAE00E71CA8 /* Images.xcassets */; };
		C81DFD8D181F5FAE00E71CA8 /* XCTest.framework in Frameworks */ = {isa = PBXBuildFile; fileRef = C81DFD8C181F5FAE00E71CA8 /* XCTest.framework */; };
		C81DFD8E181F5FAE00E71CA8 /* Foundation.framework in Frameworks */ = {isa = PBXBuildFile; fileRef = C81DFD6A181F5FAE00E71CA8 /* Foundation.framework */; };
		C81DFD8F181F5FAE00E71CA8 /* UIKit.framework in Frameworks */ = {isa = PBXBuildFile; fileRef = C81DFD6E181F5FAE00E71CA8 /* UIKit.framework */; };
		C81DFD97181F5FAE00E71CA8 /* InfoPlist.strings in Resources */ = {isa = PBXBuildFile; fileRef = C81DFD95181F5FAE00E71CA8 /* InfoPlist.strings */; };
		C81DFD99181F5FAE00E71CA8 /* ble_utilityTests.m in Sources */ = {isa = PBXBuildFile; fileRef = C81DFD98181F5FAE00E71CA8 /* ble_utilityTests.m */; };
		C81DFDA4181F61A600E71CA8 /* BLPeripheralsViewController.m in Sources */ = {isa = PBXBuildFile; fileRef = C81DFDA3181F61A600E71CA8 /* BLPeripheralsViewController.m */; };
		C81DFDA7181F680100E71CA8 /* BLServicesViewController.m in Sources */ = {isa = PBXBuildFile; fileRef = C81DFDA6181F680100E71CA8 /* BLServicesViewController.m */; };
		C84A6897182FA05C0094226A /* CBUUID+RKBlueKit.m in Sources */ = {isa = PBXBuildFile; fileRef = C84A6896182FA05C0094226A /* CBUUID+RKBlueKit.m */; };
		C84A689B182FA8060094226A /* NSData+Hex.m in Sources */ = {isa = PBXBuildFile; fileRef = C84A689A182FA8060094226A /* NSData+Hex.m */; };
		C84A689E182FD9840094226A /* BLAvailableServicesViewController.m in Sources */ = {isa = PBXBuildFile; fileRef = C84A689D182FD9840094226A /* BLAvailableServicesViewController.m */; };
		C857E92B18360E7900EF51FD /* 37x-Checkmark@2x.png in Resources */ = {isa = PBXBuildFile; fileRef = C857E92818360E7800EF51FD /* 37x-Checkmark@2x.png */; };
		C857E92C18360E7900EF51FD /* MBProgressHUD.m in Sources */ = {isa = PBXBuildFile; fileRef = C857E92A18360E7900EF51FD /* MBProgressHUD.m */; };
		C86B09EE183314E0000C047F /* GDataXMLNode.m in Sources */ = {isa = PBXBuildFile; fileRef = C86B09ED183314E0000C047F /* GDataXMLNode.m */; };
		C86B09F0183314F4000C047F /* libxml2.2.dylib in Frameworks */ = {isa = PBXBuildFile; fileRef = C86B09EF183314F4000C047F /* libxml2.2.dylib */; };
		C86B09F618331EED000C047F /* CBMutableService+RKBluetoothKit.m in Sources */ = {isa = PBXBuildFile; fileRef = C86B09F518331EED000C047F /* CBMutableService+RKBluetoothKit.m */; };
		C86B09FA183358C8000C047F /* CBMutableDescriptor+BluetoothKit.m in Sources */ = {isa = PBXBuildFile; fileRef = C86B09F9183358C8000C047F /* CBMutableDescriptor+BluetoothKit.m */; };
		C86B09FD18335961000C047F /* CBMutableCharacteristic+BluetootKit.m in Sources */ = {isa = PBXBuildFile; fileRef = C86B09FC18335961000C047F /* CBMutableCharacteristic+BluetootKit.m */; };
		C89261CA182F1FB50062860A /* BLCharacteristicsViewController.m in Sources */ = {isa = PBXBuildFile; fileRef = C89261C9182F1FB50062860A /* BLCharacteristicsViewController.m */; };
		C89261CD182F282D0062860A /* BLDescriptorsViewController.m in Sources */ = {isa = PBXBuildFile; fileRef = C89261CC182F282D0062860A /* BLDescriptorsViewController.m */; };
		C89261D0182F2F450062860A /* BLTableViewController.m in Sources */ = {isa = PBXBuildFile; fileRef = C89261CF182F2F450062860A /* BLTableViewController.m */; };
		C89261D4182F63130062860A /* RKBlueKit.m in Sources */ = {isa = PBXBuildFile; fileRef = C89261D3182F63130062860A /* RKBlueKit.m */; };
		C89261DA182F7ACF0062860A /* BLCentralsViewController.m in Sources */ = {isa = PBXBuildFile; fileRef = C89261D9182F7ACF0062860A /* BLCentralsViewController.m */; };
		C8BC5822182146CA00655AB4 /* RKCentralManager.m in Sources */ = {isa = PBXBuildFile; fileRef = C8BC581A182146CA00655AB4 /* RKCentralManager.m */; };
		C8BC5824182146CA00655AB4 /* RKPeripheral.m in Sources */ = {isa = PBXBuildFile; fileRef = C8BC581E182146CA00655AB4 /* RKPeripheral.m */; };
		C8BC5828182146E700655AB4 /* RKPeripheralManager.m in Sources */ = {isa = PBXBuildFile; fileRef = C8BC5827182146E700655AB4 /* RKPeripheralManager.m */; };
		C8CC47041830D3A800F6CE18 /* servicesdefs in Resources */ = {isa = PBXBuildFile; fileRef = C8CC47031830D3A800F6CE18 /* servicesdefs */; };
/* End PBXBuildFile section */

/* Begin PBXContainerItemProxy section */
		C81DFD90181F5FAE00E71CA8 /* PBXContainerItemProxy */ = {
			isa = PBXContainerItemProxy;
			containerPortal = C81DFD5F181F5FAE00E71CA8 /* Project object */;
			proxyType = 1;
			remoteGlobalIDString = C81DFD66181F5FAE00E71CA8;
			remoteInfo = "ble-utility";
		};
/* End PBXContainerItemProxy section */

/* Begin PBXFileReference section */
		7F4EDC5A1839CD9A00D2D818 /* RKAboutViewController.h */ = {isa = PBXFileReference; fileEncoding = 4; lastKnownFileType = sourcecode.c.h; path = RKAboutViewController.h; sourceTree = "<group>"; };
		7F4EDC5B1839CD9A00D2D818 /* RKAboutViewController.m */ = {isa = PBXFileReference; fileEncoding = 4; lastKnownFileType = sourcecode.c.objc; path = RKAboutViewController.m; sourceTree = "<group>"; };
		C81DFD67181F5FAE00E71CA8 /* ble-utility.app */ = {isa = PBXFileReference; explicitFileType = wrapper.application; includeInIndex = 0; path = "ble-utility.app"; sourceTree = BUILT_PRODUCTS_DIR; };
		C81DFD6A181F5FAE00E71CA8 /* Foundation.framework */ = {isa = PBXFileReference; lastKnownFileType = wrapper.framework; name = Foundation.framework; path = System/Library/Frameworks/Foundation.framework; sourceTree = SDKROOT; };
		C81DFD6C181F5FAE00E71CA8 /* CoreGraphics.framework */ = {isa = PBXFileReference; lastKnownFileType = wrapper.framework; name = CoreGraphics.framework; path = System/Library/Frameworks/CoreGraphics.framework; sourceTree = SDKROOT; };
		C81DFD6E181F5FAE00E71CA8 /* UIKit.framework */ = {isa = PBXFileReference; lastKnownFileType = wrapper.framework; name = UIKit.framework; path = System/Library/Frameworks/UIKit.framework; sourceTree = SDKROOT; };
		C81DFD72181F5FAE00E71CA8 /* ble-utility-Info.plist */ = {isa = PBXFileReference; lastKnownFileType = text.plist.xml; path = "ble-utility-Info.plist"; sourceTree = "<group>"; };
		C81DFD74181F5FAE00E71CA8 /* en */ = {isa = PBXFileReference; lastKnownFileType = text.plist.strings; name = en; path = en.lproj/InfoPlist.strings; sourceTree = "<group>"; };
		C81DFD76181F5FAE00E71CA8 /* main.m */ = {isa = PBXFileReference; lastKnownFileType = sourcecode.c.objc; path = main.m; sourceTree = "<group>"; };
		C81DFD78181F5FAE00E71CA8 /* ble-utility-Prefix.pch */ = {isa = PBXFileReference; lastKnownFileType = sourcecode.c.h; path = "ble-utility-Prefix.pch"; sourceTree = "<group>"; };
		C81DFD79181F5FAE00E71CA8 /* BLAppDelegate.h */ = {isa = PBXFileReference; lastKnownFileType = sourcecode.c.h; path = BLAppDelegate.h; sourceTree = "<group>"; };
		C81DFD7A181F5FAE00E71CA8 /* BLAppDelegate.m */ = {isa = PBXFileReference; lastKnownFileType = sourcecode.c.objc; path = BLAppDelegate.m; sourceTree = "<group>"; };
		C81DFD7D181F5FAE00E71CA8 /* Base */ = {isa = PBXFileReference; lastKnownFileType = file.storyboard; name = Base; path = Base.lproj/Main.storyboard; sourceTree = "<group>"; };
		C81DFD85181F5FAE00E71CA8 /* Images.xcassets */ = {isa = PBXFileReference; lastKnownFileType = folder.assetcatalog; path = Images.xcassets; sourceTree = "<group>"; };
		C81DFD8B181F5FAE00E71CA8 /* ble-utilityTests.xctest */ = {isa = PBXFileReference; explicitFileType = wrapper.cfbundle; includeInIndex = 0; path = "ble-utilityTests.xctest"; sourceTree = BUILT_PRODUCTS_DIR; };
		C81DFD8C181F5FAE00E71CA8 /* XCTest.framework */ = {isa = PBXFileReference; lastKnownFileType = wrapper.framework; name = XCTest.framework; path = Library/Frameworks/XCTest.framework; sourceTree = DEVELOPER_DIR; };
		C81DFD94181F5FAE00E71CA8 /* ble-utilityTests-Info.plist */ = {isa = PBXFileReference; lastKnownFileType = text.plist.xml; path = "ble-utilityTests-Info.plist"; sourceTree = "<group>"; };
		C81DFD96181F5FAE00E71CA8 /* en */ = {isa = PBXFileReference; lastKnownFileType = text.plist.strings; name = en; path = en.lproj/InfoPlist.strings; sourceTree = "<group>"; };
		C81DFD98181F5FAE00E71CA8 /* ble_utilityTests.m */ = {isa = PBXFileReference; lastKnownFileType = sourcecode.c.objc; path = ble_utilityTests.m; sourceTree = "<group>"; };
		C81DFDA2181F61A600E71CA8 /* BLPeripheralsViewController.h */ = {isa = PBXFileReference; fileEncoding = 4; lastKnownFileType = sourcecode.c.h; path = BLPeripheralsViewController.h; sourceTree = "<group>"; };
		C81DFDA3181F61A600E71CA8 /* BLPeripheralsViewController.m */ = {isa = PBXFileReference; fileEncoding = 4; lastKnownFileType = sourcecode.c.objc; path = BLPeripheralsViewController.m; sourceTree = "<group>"; };
		C81DFDA5181F680100E71CA8 /* BLServicesViewController.h */ = {isa = PBXFileReference; fileEncoding = 4; lastKnownFileType = sourcecode.c.h; path = BLServicesViewController.h; sourceTree = "<group>"; };
		C81DFDA6181F680100E71CA8 /* BLServicesViewController.m */ = {isa = PBXFileReference; fileEncoding = 4; lastKnownFileType = sourcecode.c.objc; path = BLServicesViewController.m; sourceTree = "<group>"; };
		C84A6895182FA05C0094226A /* CBUUID+RKBlueKit.h */ = {isa = PBXFileReference; fileEncoding = 4; lastKnownFileType = sourcecode.c.h; path = "CBUUID+RKBlueKit.h"; sourceTree = "<group>"; };
		C84A6896182FA05C0094226A /* CBUUID+RKBlueKit.m */ = {isa = PBXFileReference; fileEncoding = 4; lastKnownFileType = sourcecode.c.objc; path = "CBUUID+RKBlueKit.m"; sourceTree = "<group>"; };
		C84A6899182FA8060094226A /* NSData+Hex.h */ = {isa = PBXFileReference; fileEncoding = 4; lastKnownFileType = sourcecode.c.h; path = "NSData+Hex.h"; sourceTree = "<group>"; };
		C84A689A182FA8060094226A /* NSData+Hex.m */ = {isa = PBXFileReference; fileEncoding = 4; lastKnownFileType = sourcecode.c.objc; path = "NSData+Hex.m"; sourceTree = "<group>"; };
		C84A689C182FD9840094226A /* BLAvailableServicesViewController.h */ = {isa = PBXFileReference; fileEncoding = 4; lastKnownFileType = sourcecode.c.h; path = BLAvailableServicesViewController.h; sourceTree = "<group>"; };
		C84A689D182FD9840094226A /* BLAvailableServicesViewController.m */ = {isa = PBXFileReference; fileEncoding = 4; lastKnownFileType = sourcecode.c.objc; path = BLAvailableServicesViewController.m; sourceTree = "<group>"; };
		C857E92818360E7800EF51FD /* 37x-Checkmark@2x.png */ = {isa = PBXFileReference; lastKnownFileType = image.png; path = "37x-Checkmark@2x.png"; sourceTree = "<group>"; };
		C857E92918360E7900EF51FD /* MBProgressHUD.h */ = {isa = PBXFileReference; fileEncoding = 4; lastKnownFileType = sourcecode.c.h; path = MBProgressHUD.h; sourceTree = "<group>"; };
		C857E92A18360E7900EF51FD /* MBProgressHUD.m */ = {isa = PBXFileReference; fileEncoding = 4; lastKnownFileType = sourcecode.c.objc; path = MBProgressHUD.m; sourceTree = "<group>"; };
		C86B09EC183314E0000C047F /* GDataXMLNode.h */ = {isa = PBXFileReference; fileEncoding = 4; lastKnownFileType = sourcecode.c.h; path = GDataXMLNode.h; sourceTree = "<group>"; };
		C86B09ED183314E0000C047F /* GDataXMLNode.m */ = {isa = PBXFileReference; fileEncoding = 4; lastKnownFileType = sourcecode.c.objc; path = GDataXMLNode.m; sourceTree = "<group>"; };
		C86B09EF183314F4000C047F /* libxml2.2.dylib */ = {isa = PBXFileReference; lastKnownFileType = "compiled.mach-o.dylib"; name = libxml2.2.dylib; path = usr/lib/libxml2.2.dylib; sourceTree = SDKROOT; };
		C86B09F418331EED000C047F /* CBMutableService+RKBluetoothKit.h */ = {isa = PBXFileReference; fileEncoding = 4; lastKnownFileType = sourcecode.c.h; path = "CBMutableService+RKBluetoothKit.h"; sourceTree = "<group>"; };
		C86B09F518331EED000C047F /* CBMutableService+RKBluetoothKit.m */ = {isa = PBXFileReference; fileEncoding = 4; lastKnownFileType = sourcecode.c.objc; path = "CBMutableService+RKBluetoothKit.m"; sourceTree = "<group>"; };
		C86B09F8183358C8000C047F /* CBMutableDescriptor+BluetoothKit.h */ = {isa = PBXFileReference; fileEncoding = 4; lastKnownFileType = sourcecode.c.h; path = "CBMutableDescriptor+BluetoothKit.h"; sourceTree = "<group>"; };
		C86B09F9183358C8000C047F /* CBMutableDescriptor+BluetoothKit.m */ = {isa = PBXFileReference; fileEncoding = 4; lastKnownFileType = sourcecode.c.objc; path = "CBMutableDescriptor+BluetoothKit.m"; sourceTree = "<group>"; };
		C86B09FB18335961000C047F /* CBMutableCharacteristic+BluetootKit.h */ = {isa = PBXFileReference; fileEncoding = 4; lastKnownFileType = sourcecode.c.h; path = "CBMutableCharacteristic+BluetootKit.h"; sourceTree = "<group>"; };
		C86B09FC18335961000C047F /* CBMutableCharacteristic+BluetootKit.m */ = {isa = PBXFileReference; fileEncoding = 4; lastKnownFileType = sourcecode.c.objc; path = "CBMutableCharacteristic+BluetootKit.m"; sourceTree = "<group>"; };
		C89261C8182F1FB50062860A /* BLCharacteristicsViewController.h */ = {isa = PBXFileReference; fileEncoding = 4; lastKnownFileType = sourcecode.c.h; path = BLCharacteristicsViewController.h; sourceTree = "<group>"; };
		C89261C9182F1FB50062860A /* BLCharacteristicsViewController.m */ = {isa = PBXFileReference; fileEncoding = 4; lastKnownFileType = sourcecode.c.objc; path = BLCharacteristicsViewController.m; sourceTree = "<group>"; };
		C89261CB182F282D0062860A /* BLDescriptorsViewController.h */ = {isa = PBXFileReference; fileEncoding = 4; lastKnownFileType = sourcecode.c.h; path = BLDescriptorsViewController.h; sourceTree = "<group>"; };
		C89261CC182F282D0062860A /* BLDescriptorsViewController.m */ = {isa = PBXFileReference; fileEncoding = 4; lastKnownFileType = sourcecode.c.objc; path = BLDescriptorsViewController.m; sourceTree = "<group>"; };
		C89261CE182F2F450062860A /* BLTableViewController.h */ = {isa = PBXFileReference; fileEncoding = 4; lastKnownFileType = sourcecode.c.h; path = BLTableViewController.h; sourceTree = "<group>"; };
		C89261CF182F2F450062860A /* BLTableViewController.m */ = {isa = PBXFileReference; fileEncoding = 4; lastKnownFileType = sourcecode.c.objc; path = BLTableViewController.m; sourceTree = "<group>"; };
		C89261D2182F63130062860A /* RKBlueKit.h */ = {isa = PBXFileReference; fileEncoding = 4; lastKnownFileType = sourcecode.c.h; path = RKBlueKit.h; sourceTree = "<group>"; };
		C89261D3182F63130062860A /* RKBlueKit.m */ = {isa = PBXFileReference; fileEncoding = 4; lastKnownFileType = sourcecode.c.objc; path = RKBlueKit.m; sourceTree = "<group>"; };
		C89261D5182F707E0062860A /* RKBlueBlocks.h */ = {isa = PBXFileReference; lastKnownFileType = sourcecode.c.h; path = RKBlueBlocks.h; sourceTree = "<group>"; };
		C89261D8182F7ACF0062860A /* BLCentralsViewController.h */ = {isa = PBXFileReference; fileEncoding = 4; lastKnownFileType = sourcecode.c.h; path = BLCentralsViewController.h; sourceTree = "<group>"; };
		C89261D9182F7ACF0062860A /* BLCentralsViewController.m */ = {isa = PBXFileReference; fileEncoding = 4; lastKnownFileType = sourcecode.c.objc; path = BLCentralsViewController.m; sourceTree = "<group>"; };
		C8BC5819182146CA00655AB4 /* RKCentralManager.h */ = {isa = PBXFileReference; fileEncoding = 4; lastKnownFileType = sourcecode.c.h; path = RKCentralManager.h; sourceTree = "<group>"; };
		C8BC581A182146CA00655AB4 /* RKCentralManager.m */ = {isa = PBXFileReference; fileEncoding = 4; lastKnownFileType = sourcecode.c.objc; path = RKCentralManager.m; sourceTree = "<group>"; };
		C8BC581D182146CA00655AB4 /* RKPeripheral.h */ = {isa = PBXFileReference; fileEncoding = 4; lastKnownFileType = sourcecode.c.h; path = RKPeripheral.h; sourceTree = "<group>"; };
		C8BC581E182146CA00655AB4 /* RKPeripheral.m */ = {isa = PBXFileReference; fileEncoding = 4; lastKnownFileType = sourcecode.c.objc; path = RKPeripheral.m; sourceTree = "<group>"; };
		C8BC5826182146E700655AB4 /* RKPeripheralManager.h */ = {isa = PBXFileReference; fileEncoding = 4; lastKnownFileType = sourcecode.c.h; path = RKPeripheralManager.h; sourceTree = "<group>"; };
		C8BC5827182146E700655AB4 /* RKPeripheralManager.m */ = {isa = PBXFileReference; fileEncoding = 4; lastKnownFileType = sourcecode.c.objc; path = RKPeripheralManager.m; sourceTree = "<group>"; };
		C8CC47031830D3A800F6CE18 /* servicesdefs */ = {isa = PBXFileReference; lastKnownFileType = folder; path = servicesdefs; sourceTree = "<group>"; };
/* End PBXFileReference section */

/* Begin PBXFrameworksBuildPhase section */
		C81DFD64181F5FAE00E71CA8 /* Frameworks */ = {
			isa = PBXFrameworksBuildPhase;
			buildActionMask = 2147483647;
			files = (
				C86B09F0183314F4000C047F /* libxml2.2.dylib in Frameworks */,
				C81DFD6D181F5FAE00E71CA8 /* CoreGraphics.framework in Frameworks */,
				C81DFD6F181F5FAE00E71CA8 /* UIKit.framework in Frameworks */,
				C81DFD6B181F5FAE00E71CA8 /* Foundation.framework in Frameworks */,
			);
			runOnlyForDeploymentPostprocessing = 0;
		};
		C81DFD88181F5FAE00E71CA8 /* Frameworks */ = {
			isa = PBXFrameworksBuildPhase;
			buildActionMask = 2147483647;
			files = (
				C81DFD8D181F5FAE00E71CA8 /* XCTest.framework in Frameworks */,
				C81DFD8F181F5FAE00E71CA8 /* UIKit.framework in Frameworks */,
				C81DFD8E181F5FAE00E71CA8 /* Foundation.framework in Frameworks */,
			);
			runOnlyForDeploymentPostprocessing = 0;
		};
/* End PBXFrameworksBuildPhase section */

/* Begin PBXGroup section */
		7F4EDC591839CD7F00D2D818 /* contact */ = {
			isa = PBXGroup;
			children = (
				7F4EDC5A1839CD9A00D2D818 /* RKAboutViewController.h */,
				7F4EDC5B1839CD9A00D2D818 /* RKAboutViewController.m */,
			);
			name = contact;
			sourceTree = "<group>";
		};
		C81DFD5E181F5FAE00E71CA8 = {
			isa = PBXGroup;
			children = (
				C81DFD70181F5FAE00E71CA8 /* ble-utility */,
				C81DFD92181F5FAE00E71CA8 /* ble-utilityTests */,
				C81DFD69181F5FAE00E71CA8 /* Frameworks */,
				C81DFD68181F5FAE00E71CA8 /* Products */,
			);
			sourceTree = "<group>";
		};
		C81DFD68181F5FAE00E71CA8 /* Products */ = {
			isa = PBXGroup;
			children = (
				C81DFD67181F5FAE00E71CA8 /* ble-utility.app */,
				C81DFD8B181F5FAE00E71CA8 /* ble-utilityTests.xctest */,
			);
			name = Products;
			sourceTree = "<group>";
		};
		C81DFD69181F5FAE00E71CA8 /* Frameworks */ = {
			isa = PBXGroup;
			children = (
				C86B09EF183314F4000C047F /* libxml2.2.dylib */,
				C81DFD6A181F5FAE00E71CA8 /* Foundation.framework */,
				C81DFD6C181F5FAE00E71CA8 /* CoreGraphics.framework */,
				C81DFD6E181F5FAE00E71CA8 /* UIKit.framework */,
				C81DFD8C181F5FAE00E71CA8 /* XCTest.framework */,
			);
			name = Frameworks;
			sourceTree = "<group>";
		};
		C81DFD70181F5FAE00E71CA8 /* ble-utility */ = {
			isa = PBXGroup;
			children = (
				C8CC47031830D3A800F6CE18 /* servicesdefs */,
				C84A6898182FA7E00094226A /* external */,
				C8AFDE65182DCD2A005BA936 /* controllers */,
				C8BC580B1821453000655AB4 /* RKBluetooth */,
				C81DFD79181F5FAE00E71CA8 /* BLAppDelegate.h */,
				C81DFD7A181F5FAE00E71CA8 /* BLAppDelegate.m */,
				C81DFD7C181F5FAE00E71CA8 /* Main.storyboard */,
				C81DFD85181F5FAE00E71CA8 /* Images.xcassets */,
				C81DFD71181F5FAE00E71CA8 /* Supporting Files */,
			);
			path = "ble-utility";
			sourceTree = "<group>";
		};
		C81DFD71181F5FAE00E71CA8 /* Supporting Files */ = {
			isa = PBXGroup;
			children = (
				C81DFD72181F5FAE00E71CA8 /* ble-utility-Info.plist */,
				C81DFD73181F5FAE00E71CA8 /* InfoPlist.strings */,
				C81DFD76181F5FAE00E71CA8 /* main.m */,
				C81DFD78181F5FAE00E71CA8 /* ble-utility-Prefix.pch */,
			);
			name = "Supporting Files";
			sourceTree = "<group>";
		};
		C81DFD92181F5FAE00E71CA8 /* ble-utilityTests */ = {
			isa = PBXGroup;
			children = (
				C81DFD98181F5FAE00E71CA8 /* ble_utilityTests.m */,
				C81DFD93181F5FAE00E71CA8 /* Supporting Files */,
			);
			path = "ble-utilityTests";
			sourceTree = "<group>";
		};
		C81DFD93181F5FAE00E71CA8 /* Supporting Files */ = {
			isa = PBXGroup;
			children = (
				C81DFD94181F5FAE00E71CA8 /* ble-utilityTests-Info.plist */,
				C81DFD95181F5FAE00E71CA8 /* InfoPlist.strings */,
			);
			name = "Supporting Files";
			sourceTree = "<group>";
		};
		C83F20FA1834A86F00BF28B8 /* Kit */ = {
			isa = PBXGroup;
			children = (
				C86B09F8183358C8000C047F /* CBMutableDescriptor+BluetoothKit.h */,
				C86B09F9183358C8000C047F /* CBMutableDescriptor+BluetoothKit.m */,
				C86B09FB18335961000C047F /* CBMutableCharacteristic+BluetootKit.h */,
				C86B09FC18335961000C047F /* CBMutableCharacteristic+BluetootKit.m */,
				C86B09F418331EED000C047F /* CBMutableService+RKBluetoothKit.h */,
				C86B09F518331EED000C047F /* CBMutableService+RKBluetoothKit.m */,
			);
			name = Kit;
			sourceTree = "<group>";
		};
		C84A6898182FA7E00094226A /* external */ = {
			isa = PBXGroup;
			children = (
				C857E92718360E7800EF51FD /* MBProgressHUD */,
				C86B09EB183314E0000C047F /* GDataXML-HTML */,
				C84A6899182FA8060094226A /* NSData+Hex.h */,
				C84A689A182FA8060094226A /* NSData+Hex.m */,
				C83F20FA1834A86F00BF28B8 /* Kit */,
			);
			name = external;
			sourceTree = "<group>";
		};
		C857E92718360E7800EF51FD /* MBProgressHUD */ = {
			isa = PBXGroup;
			children = (
				C857E92818360E7800EF51FD /* 37x-Checkmark@2x.png */,
				C857E92918360E7900EF51FD /* MBProgressHUD.h */,
				C857E92A18360E7900EF51FD /* MBProgressHUD.m */,
			);
			path = MBProgressHUD;
			sourceTree = "<group>";
		};
		C86B09EB183314E0000C047F /* GDataXML-HTML */ = {
			isa = PBXGroup;
			children = (
				C86B09EC183314E0000C047F /* GDataXMLNode.h */,
				C86B09ED183314E0000C047F /* GDataXMLNode.m */,
			);
			path = "GDataXML-HTML";
			sourceTree = "<group>";
		};
		C86B09F718332C36000C047F /* shared */ = {
			isa = PBXGroup;
			children = (
				C81DFDA5181F680100E71CA8 /* BLServicesViewController.h */,
				C81DFDA6181F680100E71CA8 /* BLServicesViewController.m */,
				C89261C8182F1FB50062860A /* BLCharacteristicsViewController.h */,
				C89261C9182F1FB50062860A /* BLCharacteristicsViewController.m */,
				C89261CB182F282D0062860A /* BLDescriptorsViewController.h */,
				C89261CC182F282D0062860A /* BLDescriptorsViewController.m */,
				C89261CE182F2F450062860A /* BLTableViewController.h */,
				C89261CF182F2F450062860A /* BLTableViewController.m */,
			);
			name = shared;
			sourceTree = "<group>";
		};
		C89261D1182F62E50062860A /* BluetoothKit */ = {
			isa = PBXGroup;
			children = (
				C89261D2182F63130062860A /* RKBlueKit.h */,
				C89261D3182F63130062860A /* RKBlueKit.m */,
				C84A6895182FA05C0094226A /* CBUUID+RKBlueKit.h */,
				C84A6896182FA05C0094226A /* CBUUID+RKBlueKit.m */,
			);
			name = BluetoothKit;
			path = BluethoothKit;
			sourceTree = "<group>";
		};
		C89261D6182F7A880062860A /* central manager */ = {
			isa = PBXGroup;
			children = (
				C81DFDA2181F61A600E71CA8 /* BLPeripheralsViewController.h */,
				C81DFDA3181F61A600E71CA8 /* BLPeripheralsViewController.m */,
			);
			name = "central manager";
			sourceTree = "<group>";
		};
		C89261D7182F7A9D0062860A /* peripheral manager */ = {
			isa = PBXGroup;
			children = (
				C89261D8182F7ACF0062860A /* BLCentralsViewController.h */,
				C89261D9182F7ACF0062860A /* BLCentralsViewController.m */,
				C84A689C182FD9840094226A /* BLAvailableServicesViewController.h */,
				C84A689D182FD9840094226A /* BLAvailableServicesViewController.m */,
			);
			name = "peripheral manager";
			sourceTree = "<group>";
		};
		C8AFDE65182DCD2A005BA936 /* controllers */ = {
			isa = PBXGroup;
			children = (
				7F4EDC591839CD7F00D2D818 /* contact */,
				C86B09F718332C36000C047F /* shared */,
				C89261D7182F7A9D0062860A /* peripheral manager */,
				C89261D6182F7A880062860A /* central manager */,
			);
			name = controllers;
			sourceTree = "<group>";
		};
		C8BC580B1821453000655AB4 /* RKBluetooth */ = {
			isa = PBXGroup;
			children = (
				C89261D1182F62E50062860A /* BluetoothKit */,
				C8BC5818182146CA00655AB4 /* Central */,
				C8BC5821182146CA00655AB4 /* Peripheral */,
			);
			path = RKBluetooth;
			sourceTree = "<group>";
		};
		C8BC5818182146CA00655AB4 /* Central */ = {
			isa = PBXGroup;
			children = (
				C89261D5182F707E0062860A /* RKBlueBlocks.h */,
				C8BC5819182146CA00655AB4 /* RKCentralManager.h */,
				C8BC581A182146CA00655AB4 /* RKCentralManager.m */,
				C8BC581D182146CA00655AB4 /* RKPeripheral.h */,
				C8BC581E182146CA00655AB4 /* RKPeripheral.m */,
			);
			path = Central;
			sourceTree = "<group>";
		};
		C8BC5821182146CA00655AB4 /* Peripheral */ = {
			isa = PBXGroup;
			children = (
				C8BC5826182146E700655AB4 /* RKPeripheralManager.h */,
				C8BC5827182146E700655AB4 /* RKPeripheralManager.m */,
			);
			path = Peripheral;
			sourceTree = "<group>";
		};
/* End PBXGroup section */

/* Begin PBXNativeTarget section */
		C81DFD66181F5FAE00E71CA8 /* ble-utility */ = {
			isa = PBXNativeTarget;
			buildConfigurationList = C81DFD9C181F5FAE00E71CA8 /* Build configuration list for PBXNativeTarget "ble-utility" */;
			buildPhases = (
				C81DFD63181F5FAE00E71CA8 /* Sources */,
				C81DFD64181F5FAE00E71CA8 /* Frameworks */,
				C81DFD65181F5FAE00E71CA8 /* Resources */,
			);
			buildRules = (
			);
			dependencies = (
			);
			name = "ble-utility";
			productName = "ble-utility";
			productReference = C81DFD67181F5FAE00E71CA8 /* ble-utility.app */;
			productType = "com.apple.product-type.application";
		};
		C81DFD8A181F5FAE00E71CA8 /* ble-utilityTests */ = {
			isa = PBXNativeTarget;
			buildConfigurationList = C81DFD9F181F5FAE00E71CA8 /* Build configuration list for PBXNativeTarget "ble-utilityTests" */;
			buildPhases = (
				C81DFD87181F5FAE00E71CA8 /* Sources */,
				C81DFD88181F5FAE00E71CA8 /* Frameworks */,
				C81DFD89181F5FAE00E71CA8 /* Resources */,
			);
			buildRules = (
			);
			dependencies = (
				C81DFD91181F5FAE00E71CA8 /* PBXTargetDependency */,
			);
			name = "ble-utilityTests";
			productName = "ble-utilityTests";
			productReference = C81DFD8B181F5FAE00E71CA8 /* ble-utilityTests.xctest */;
			productType = "com.apple.product-type.bundle.unit-test";
		};
/* End PBXNativeTarget section */

/* Begin PBXProject section */
		C81DFD5F181F5FAE00E71CA8 /* Project object */ = {
			isa = PBXProject;
			attributes = {
				CLASSPREFIX = BL;
				LastUpgradeCheck = 0500;
				ORGANIZATIONNAME = "北京锐和信科技有限公司";
				TargetAttributes = {
					C81DFD66181F5FAE00E71CA8 = {
						DevelopmentTeam = WZDWHJ9YE9;
					};
					C81DFD8A181F5FAE00E71CA8 = {
						TestTargetID = C81DFD66181F5FAE00E71CA8;
					};
				};
			};
			buildConfigurationList = C81DFD62181F5FAE00E71CA8 /* Build configuration list for PBXProject "ble-utility" */;
			compatibilityVersion = "Xcode 3.2";
			developmentRegion = English;
			hasScannedForEncodings = 0;
			knownRegions = (
				en,
				Base,
			);
			mainGroup = C81DFD5E181F5FAE00E71CA8;
			productRefGroup = C81DFD68181F5FAE00E71CA8 /* Products */;
			projectDirPath = "";
			projectRoot = "";
			targets = (
				C81DFD66181F5FAE00E71CA8 /* ble-utility */,
				C81DFD8A181F5FAE00E71CA8 /* ble-utilityTests */,
			);
		};
/* End PBXProject section */

/* Begin PBXResourcesBuildPhase section */
		C81DFD65181F5FAE00E71CA8 /* Resources */ = {
			isa = PBXResourcesBuildPhase;
			buildActionMask = 2147483647;
			files = (
				C81DFD86181F5FAE00E71CA8 /* Images.xcassets in Resources */,
				C81DFD75181F5FAE00E71CA8 /* InfoPlist.strings in Resources */,
				C8CC47041830D3A800F6CE18 /* servicesdefs in Resources */,
				C857E92B18360E7900EF51FD /* 37x-Checkmark@2x.png in Resources */,
				C81DFD7E181F5FAE00E71CA8 /* Main.storyboard in Resources */,
			);
			runOnlyForDeploymentPostprocessing = 0;
		};
		C81DFD89181F5FAE00E71CA8 /* Resources */ = {
			isa = PBXResourcesBuildPhase;
			buildActionMask = 2147483647;
			files = (
				C81DFD97181F5FAE00E71CA8 /* InfoPlist.strings in Resources */,
			);
			runOnlyForDeploymentPostprocessing = 0;
		};
/* End PBXResourcesBuildPhase section */

/* Begin PBXSourcesBuildPhase section */
		C81DFD63181F5FAE00E71CA8 /* Sources */ = {
			isa = PBXSourcesBuildPhase;
			buildActionMask = 2147483647;
			files = (
				C81DFD7B181F5FAE00E71CA8 /* BLAppDelegate.m in Sources */,
				C86B09FD18335961000C047F /* CBMutableCharacteristic+BluetootKit.m in Sources */,
				C86B09EE183314E0000C047F /* GDataXMLNode.m in Sources */,
				7F4EDC5C1839CD9A00D2D818 /* RKAboutViewController.m in Sources */,
				C8BC5822182146CA00655AB4 /* RKCentralManager.m in Sources */,
				C89261DA182F7ACF0062860A /* BLCentralsViewController.m in Sources */,
				C8BC5828182146E700655AB4 /* RKPeripheralManager.m in Sources */,
				C8BC5824182146CA00655AB4 /* RKPeripheral.m in Sources */,
				C857E92C18360E7900EF51FD /* MBProgressHUD.m in Sources */,
				C81DFDA4181F61A600E71CA8 /* BLPeripheralsViewController.m in Sources */,
				C89261D0182F2F450062860A /* BLTableViewController.m in Sources */,
				C81DFDA7181F680100E71CA8 /* BLServicesViewController.m in Sources */,
				C84A689B182FA8060094226A /* NSData+Hex.m in Sources */,
				C81DFD77181F5FAE00E71CA8 /* main.m in Sources */,
				C84A6897182FA05C0094226A /* CBUUID+RKBlueKit.m in Sources */,
				C86B09FA183358C8000C047F /* CBMutableDescriptor+BluetoothKit.m in Sources */,
				C89261CD182F282D0062860A /* BLDescriptorsViewController.m in Sources */,
				C89261CA182F1FB50062860A /* BLCharacteristicsViewController.m in Sources */,
				C84A689E182FD9840094226A /* BLAvailableServicesViewController.m in Sources */,
				C89261D4182F63130062860A /* RKBlueKit.m in Sources */,
				C86B09F618331EED000C047F /* CBMutableService+RKBluetoothKit.m in Sources */,
			);
			runOnlyForDeploymentPostprocessing = 0;
		};
		C81DFD87181F5FAE00E71CA8 /* Sources */ = {
			isa = PBXSourcesBuildPhase;
			buildActionMask = 2147483647;
			files = (
				C81DFD99181F5FAE00E71CA8 /* ble_utilityTests.m in Sources */,
			);
			runOnlyForDeploymentPostprocessing = 0;
		};
/* End PBXSourcesBuildPhase section */

/* Begin PBXTargetDependency section */
		C81DFD91181F5FAE00E71CA8 /* PBXTargetDependency */ = {
			isa = PBXTargetDependency;
			target = C81DFD66181F5FAE00E71CA8 /* ble-utility */;
			targetProxy = C81DFD90181F5FAE00E71CA8 /* PBXContainerItemProxy */;
		};
/* End PBXTargetDependency section */

/* Begin PBXVariantGroup section */
		C81DFD73181F5FAE00E71CA8 /* InfoPlist.strings */ = {
			isa = PBXVariantGroup;
			children = (
				C81DFD74181F5FAE00E71CA8 /* en */,
			);
			name = InfoPlist.strings;
			sourceTree = "<group>";
		};
		C81DFD7C181F5FAE00E71CA8 /* Main.storyboard */ = {
			isa = PBXVariantGroup;
			children = (
				C81DFD7D181F5FAE00E71CA8 /* Base */,
			);
			name = Main.storyboard;
			sourceTree = "<group>";
		};
		C81DFD95181F5FAE00E71CA8 /* InfoPlist.strings */ = {
			isa = PBXVariantGroup;
			children = (
				C81DFD96181F5FAE00E71CA8 /* en */,
			);
			name = InfoPlist.strings;
			sourceTree = "<group>";
		};
/* End PBXVariantGroup section */

/* Begin XCBuildConfiguration section */
		C81DFD9A181F5FAE00E71CA8 /* Debug */ = {
			isa = XCBuildConfiguration;
			buildSettings = {
				ALWAYS_SEARCH_USER_PATHS = NO;
				ARCHS = "$(ARCHS_STANDARD_INCLUDING_64_BIT)";
				CLANG_CXX_LANGUAGE_STANDARD = "gnu++0x";
				CLANG_CXX_LIBRARY = "libc++";
				CLANG_ENABLE_MODULES = YES;
				CLANG_ENABLE_OBJC_ARC = YES;
				CLANG_WARN_BOOL_CONVERSION = YES;
				CLANG_WARN_CONSTANT_CONVERSION = YES;
				CLANG_WARN_DIRECT_OBJC_ISA_USAGE = YES_ERROR;
				CLANG_WARN_EMPTY_BODY = YES;
				CLANG_WARN_ENUM_CONVERSION = YES;
				CLANG_WARN_INT_CONVERSION = YES;
				CLANG_WARN_OBJC_ROOT_CLASS = YES_ERROR;
				CLANG_WARN__DUPLICATE_METHOD_MATCH = YES;
				"CODE_SIGN_IDENTITY[sdk=iphoneos*]" = "iPhone Developer";
				COPY_PHASE_STRIP = NO;
				GCC_C_LANGUAGE_STANDARD = gnu99;
				GCC_DYNAMIC_NO_PIC = NO;
				GCC_OPTIMIZATION_LEVEL = 0;
				GCC_PREPROCESSOR_DEFINITIONS = (
					"DEBUG=1",
					"$(inherited)",
				);
				GCC_SYMBOLS_PRIVATE_EXTERN = NO;
				GCC_WARN_64_TO_32_BIT_CONVERSION = YES;
				GCC_WARN_ABOUT_RETURN_TYPE = YES_ERROR;
				GCC_WARN_UNDECLARED_SELECTOR = YES;
				GCC_WARN_UNINITIALIZED_AUTOS = YES;
				GCC_WARN_UNUSED_FUNCTION = YES;
				GCC_WARN_UNUSED_VARIABLE = YES;
				IPHONEOS_DEPLOYMENT_TARGET = 7.0;
				ONLY_ACTIVE_ARCH = YES;
				SDKROOT = iphoneos;
			};
			name = Debug;
		};
		C81DFD9B181F5FAE00E71CA8 /* Release */ = {
			isa = XCBuildConfiguration;
			buildSettings = {
				ALWAYS_SEARCH_USER_PATHS = NO;
				ARCHS = "$(ARCHS_STANDARD_INCLUDING_64_BIT)";
				CLANG_CXX_LANGUAGE_STANDARD = "gnu++0x";
				CLANG_CXX_LIBRARY = "libc++";
				CLANG_ENABLE_MODULES = YES;
				CLANG_ENABLE_OBJC_ARC = YES;
				CLANG_WARN_BOOL_CONVERSION = YES;
				CLANG_WARN_CONSTANT_CONVERSION = YES;
				CLANG_WARN_DIRECT_OBJC_ISA_USAGE = YES_ERROR;
				CLANG_WARN_EMPTY_BODY = YES;
				CLANG_WARN_ENUM_CONVERSION = YES;
				CLANG_WARN_INT_CONVERSION = YES;
				CLANG_WARN_OBJC_ROOT_CLASS = YES_ERROR;
				CLANG_WARN__DUPLICATE_METHOD_MATCH = YES;
				"CODE_SIGN_IDENTITY[sdk=iphoneos*]" = "iPhone Developer";
				COPY_PHASE_STRIP = YES;
				ENABLE_NS_ASSERTIONS = NO;
				GCC_C_LANGUAGE_STANDARD = gnu99;
				GCC_WARN_64_TO_32_BIT_CONVERSION = YES;
				GCC_WARN_ABOUT_RETURN_TYPE = YES_ERROR;
				GCC_WARN_UNDECLARED_SELECTOR = YES;
				GCC_WARN_UNINITIALIZED_AUTOS = YES;
				GCC_WARN_UNUSED_FUNCTION = YES;
				GCC_WARN_UNUSED_VARIABLE = YES;
				IPHONEOS_DEPLOYMENT_TARGET = 7.0;
				SDKROOT = iphoneos;
				VALIDATE_PRODUCT = YES;
			};
			name = Release;
		};
		C81DFD9D181F5FAE00E71CA8 /* Debug */ = {
			isa = XCBuildConfiguration;
			buildSettings = {
				ASSETCATALOG_COMPILER_APPICON_NAME = AppIcon;
				ASSETCATALOG_COMPILER_LAUNCHIMAGE_NAME = LaunchImage;
				CODE_SIGN_IDENTITY = "iPhone Developer";
				"CODE_SIGN_IDENTITY[sdk=iphoneos*]" = "iPhone Developer";
				GCC_PRECOMPILE_PREFIX_HEADER = YES;
				GCC_PREFIX_HEADER = "ble-utility/ble-utility-Prefix.pch";
				HEADER_SEARCH_PATHS = (
					"$(inherited)",
					/Applications/Xcode.app/Contents/Developer/Toolchains/XcodeDefault.xctoolchain/usr/include,
					/usr/include/libxml2,
				);
				INFOPLIST_FILE = "ble-utility/ble-utility-Info.plist";
				IPHONEOS_DEPLOYMENT_TARGET = 7.0;
				ONLY_ACTIVE_ARCH = NO;
				OTHER_LDFLAGS = "-lxml2";
				PRODUCT_NAME = "$(TARGET_NAME)";
				PROVISIONING_PROFILE = "051D69C3-9F6E-4141-A64E-289A5A78C754";
				USER_HEADER_SEARCH_PATHS = "";
				WRAPPER_EXTENSION = app;
			};
			name = Debug;
		};
		C81DFD9E181F5FAE00E71CA8 /* Release */ = {
			isa = XCBuildConfiguration;
			buildSettings = {
				ASSETCATALOG_COMPILER_APPICON_NAME = AppIcon;
				ASSETCATALOG_COMPILER_LAUNCHIMAGE_NAME = LaunchImage;
				CODE_SIGN_IDENTITY = "iPhone Developer";
				"CODE_SIGN_IDENTITY[sdk=iphoneos*]" = "iPhone Developer";
				GCC_PRECOMPILE_PREFIX_HEADER = YES;
				GCC_PREFIX_HEADER = "ble-utility/ble-utility-Prefix.pch";
				HEADER_SEARCH_PATHS = (
					"$(inherited)",
					/Applications/Xcode.app/Contents/Developer/Toolchains/XcodeDefault.xctoolchain/usr/include,
					/usr/include/libxml2,
				);
				INFOPLIST_FILE = "ble-utility/ble-utility-Info.plist";
				IPHONEOS_DEPLOYMENT_TARGET = 7.0;
				OTHER_LDFLAGS = "-lxml2";
				PRODUCT_NAME = "$(TARGET_NAME)";
				PROVISIONING_PROFILE = "051D69C3-9F6E-4141-A64E-289A5A78C754";
				USER_HEADER_SEARCH_PATHS = "";
				WRAPPER_EXTENSION = app;
			};
			name = Release;
		};
		C81DFDA0181F5FAE00E71CA8 /* Debug */ = {
			isa = XCBuildConfiguration;
			buildSettings = {
				ARCHS = "$(ARCHS_STANDARD_INCLUDING_64_BIT)";
				BUNDLE_LOADER = "$(BUILT_PRODUCTS_DIR)/ble-utility.app/ble-utility";
				FRAMEWORK_SEARCH_PATHS = (
					"$(SDKROOT)/Developer/Library/Frameworks",
					"$(inherited)",
					"$(DEVELOPER_FRAMEWORKS_DIR)",
				);
				GCC_PRECOMPILE_PREFIX_HEADER = YES;
				GCC_PREFIX_HEADER = "ble-utility/ble-utility-Prefix.pch";
				GCC_PREPROCESSOR_DEFINITIONS = (
					"DEBUG=1",
					"$(inherited)",
				);
				INFOPLIST_FILE = "ble-utilityTests/ble-utilityTests-Info.plist";
				PRODUCT_NAME = "$(TARGET_NAME)";
				TEST_HOST = "$(BUNDLE_LOADER)";
				WRAPPER_EXTENSION = xctest;
			};
			name = Debug;
		};
		C81DFDA1181F5FAE00E71CA8 /* Release */ = {
			isa = XCBuildConfiguration;
			buildSettings = {
				ARCHS = "$(ARCHS_STANDARD_INCLUDING_64_BIT)";
				BUNDLE_LOADER = "$(BUILT_PRODUCTS_DIR)/ble-utility.app/ble-utility";
				FRAMEWORK_SEARCH_PATHS = (
					"$(SDKROOT)/Developer/Library/Frameworks",
					"$(inherited)",
					"$(DEVELOPER_FRAMEWORKS_DIR)",
				);
				GCC_PRECOMPILE_PREFIX_HEADER = YES;
				GCC_PREFIX_HEADER = "ble-utility/ble-utility-Prefix.pch";
				INFOPLIST_FILE = "ble-utilityTests/ble-utilityTests-Info.plist";
				PRODUCT_NAME = "$(TARGET_NAME)";
				TEST_HOST = "$(BUNDLE_LOADER)";
				WRAPPER_EXTENSION = xctest;
			};
			name = Release;
		};
/* End XCBuildConfiguration section */

/* Begin XCConfigurationList section */
		C81DFD62181F5FAE00E71CA8 /* Build configuration list for PBXProject "ble-utility" */ = {
			isa = XCConfigurationList;
			buildConfigurations = (
				C81DFD9A181F5FAE00E71CA8 /* Debug */,
				C81DFD9B181F5FAE00E71CA8 /* Release */,
			);
			defaultConfigurationIsVisible = 0;
			defaultConfigurationName = Release;
		};
		C81DFD9C181F5FAE00E71CA8 /* Build configuration list for PBXNativeTarget "ble-utility" */ = {
			isa = XCConfigurationList;
			buildConfigurations = (
				C81DFD9D181F5FAE00E71CA8 /* Debug */,
				C81DFD9E181F5FAE00E71CA8 /* Release */,
			);
			defaultConfigurationIsVisible = 0;
			defaultConfigurationName = Release;
		};
		C81DFD9F181F5FAE00E71CA8 /* Build configuration list for PBXNativeTarget "ble-utilityTests" */ = {
			isa = XCConfigurationList;
			buildConfigurations = (
				C81DFDA0181F5FAE00E71CA8 /* Debug */,
				C81DFDA1181F5FAE00E71CA8 /* Release */,
			);
			defaultConfigurationIsVisible = 0;
			defaultConfigurationName = Release;
		};
/* End XCConfigurationList section */
	};
	rootObject = C81DFD5F181F5FAE00E71CA8 /* Project object */;
}
